// !$*UTF8*$!
{
	archiveVersion = 1;
	classes = {
	};
	objectVersion = 56;
	objects = {

/* Begin PBXBuildFile section */
		DD2199A9296B1765009533A7 /* TodoItem.swift in Sources */ = {isa = PBXBuildFile; fileRef = DD2199A8296B1765009533A7 /* TodoItem.swift */; };
		DD2199AB296B1877009533A7 /* .gitignore in Resources */ = {isa = PBXBuildFile; fileRef = DD2199AA296B1877009533A7 /* .gitignore */; };
		DD23EB602970ED0200853B8B /* TodoListView.swift in Sources */ = {isa = PBXBuildFile; fileRef = DD23EB5F2970ED0200853B8B /* TodoListView.swift */; };
		DD23EB622970ED4B00853B8B /* NotesDatabase.swift in Sources */ = {isa = PBXBuildFile; fileRef = DD23EB612970ED4B00853B8B /* NotesDatabase.swift */; };
		DD23EB652970ED8300853B8B /* Constants.swift in Sources */ = {isa = PBXBuildFile; fileRef = DD23EB642970ED8300853B8B /* Constants.swift */; };
		DD23EB682970F1B600853B8B /* TodoListViewModel.swift in Sources */ = {isa = PBXBuildFile; fileRef = DD23EB672970F1B600853B8B /* TodoListViewModel.swift */; };
		DD291BE3296F81EB00DA6E9D /* TodoDetailView.swift in Sources */ = {isa = PBXBuildFile; fileRef = DD291BE2296F81EB00DA6E9D /* TodoDetailView.swift */; };
		DD46A81A2968FFF1008D4690 /* TodoListApp.swift in Sources */ = {isa = PBXBuildFile; fileRef = DD46A8192968FFF1008D4690 /* TodoListApp.swift */; };
		DD46A81C2968FFF1008D4690 /* DashboardView.swift in Sources */ = {isa = PBXBuildFile; fileRef = DD46A81B2968FFF1008D4690 /* DashboardView.swift */; };
		DD46A81E2968FFF1008D4690 /* Assets.xcassets in Resources */ = {isa = PBXBuildFile; fileRef = DD46A81D2968FFF1008D4690 /* Assets.xcassets */; };
		DD46A8212968FFF1008D4690 /* Preview Assets.xcassets in Resources */ = {isa = PBXBuildFile; fileRef = DD46A8202968FFF1008D4690 /* Preview Assets.xcassets */; };
		DD46A8262968FFF1008D4690 /* TodoList.xcdatamodeld in Sources */ = {isa = PBXBuildFile; fileRef = DD46A8242968FFF1008D4690 /* TodoList.xcdatamodeld */; };
		DD46A8302968FFF2008D4690 /* TodoListTests.swift in Sources */ = {isa = PBXBuildFile; fileRef = DD46A82F2968FFF2008D4690 /* TodoListTests.swift */; };
		DD46A83A2968FFF2008D4690 /* TodoListUITests.swift in Sources */ = {isa = PBXBuildFile; fileRef = DD46A8392968FFF2008D4690 /* TodoListUITests.swift */; };
		DD46A83C2968FFF2008D4690 /* TodoListUITestsLaunchTests.swift in Sources */ = {isa = PBXBuildFile; fileRef = DD46A83B2968FFF2008D4690 /* TodoListUITestsLaunchTests.swift */; };
		DD46A849296900A5008D4690 /* GoogleService-Info.plist in Resources */ = {isa = PBXBuildFile; fileRef = DD46A848296900A5008D4690 /* GoogleService-Info.plist */; };
		DD46A84C2969019E008D4690 /* FirebaseDatabase in Frameworks */ = {isa = PBXBuildFile; productRef = DD46A84B2969019E008D4690 /* FirebaseDatabase */; };
		DD46A84E2969019E008D4690 /* FirebaseDatabaseSwift in Frameworks */ = {isa = PBXBuildFile; productRef = DD46A84D2969019E008D4690 /* FirebaseDatabaseSwift */; };
		DD46A8502969019E008D4690 /* FirebaseFirestore in Frameworks */ = {isa = PBXBuildFile; productRef = DD46A84F2969019E008D4690 /* FirebaseFirestore */; };
		DD46A8522969019E008D4690 /* FirebaseFirestoreCombine-Community in Frameworks */ = {isa = PBXBuildFile; productRef = DD46A8512969019E008D4690 /* FirebaseFirestoreCombine-Community */; };
		DD46A8542969019E008D4690 /* FirebaseFirestoreSwift in Frameworks */ = {isa = PBXBuildFile; productRef = DD46A8532969019E008D4690 /* FirebaseFirestoreSwift */; };
		DD46A8562969019E008D4690 /* FirebaseRemoteConfig in Frameworks */ = {isa = PBXBuildFile; productRef = DD46A8552969019E008D4690 /* FirebaseRemoteConfig */; };
		DD46A8582969019E008D4690 /* FirebaseRemoteConfigSwift in Frameworks */ = {isa = PBXBuildFile; productRef = DD46A8572969019E008D4690 /* FirebaseRemoteConfigSwift */; };
		DD46A85A2969019E008D4690 /* FirebaseStorage in Frameworks */ = {isa = PBXBuildFile; productRef = DD46A8592969019E008D4690 /* FirebaseStorage */; };
		DD46A85C2969019E008D4690 /* FirebaseStorageCombine-Community in Frameworks */ = {isa = PBXBuildFile; productRef = DD46A85B2969019E008D4690 /* FirebaseStorageCombine-Community */; };
		DD56481C2978C957003E4691 /* TodoDetailViewModel.swift in Sources */ = {isa = PBXBuildFile; fileRef = DD56481B2978C957003E4691 /* TodoDetailViewModel.swift */; };
/* End PBXBuildFile section */

/* Begin PBXContainerItemProxy section */
		DD46A82C2968FFF2008D4690 /* PBXContainerItemProxy */ = {
			isa = PBXContainerItemProxy;
			containerPortal = DD46A80E2968FFF1008D4690 /* Project object */;
			proxyType = 1;
			remoteGlobalIDString = DD46A8152968FFF1008D4690;
			remoteInfo = TodoList;
		};
		DD46A8362968FFF2008D4690 /* PBXContainerItemProxy */ = {
			isa = PBXContainerItemProxy;
			containerPortal = DD46A80E2968FFF1008D4690 /* Project object */;
			proxyType = 1;
			remoteGlobalIDString = DD46A8152968FFF1008D4690;
			remoteInfo = TodoList;
		};
/* End PBXContainerItemProxy section */

/* Begin PBXFileReference section */
		DD2199A8296B1765009533A7 /* TodoItem.swift */ = {isa = PBXFileReference; lastKnownFileType = sourcecode.swift; path = TodoItem.swift; sourceTree = "<group>"; };
		DD2199AA296B1877009533A7 /* .gitignore */ = {isa = PBXFileReference; lastKnownFileType = text; path = .gitignore; sourceTree = SOURCE_ROOT; };
		DD23EB5F2970ED0200853B8B /* TodoListView.swift */ = {isa = PBXFileReference; lastKnownFileType = sourcecode.swift; path = TodoListView.swift; sourceTree = "<group>"; };
		DD23EB612970ED4B00853B8B /* NotesDatabase.swift */ = {isa = PBXFileReference; lastKnownFileType = sourcecode.swift; path = NotesDatabase.swift; sourceTree = "<group>"; };
		DD23EB642970ED8300853B8B /* Constants.swift */ = {isa = PBXFileReference; lastKnownFileType = sourcecode.swift; path = Constants.swift; sourceTree = "<group>"; };
		DD23EB672970F1B600853B8B /* TodoListViewModel.swift */ = {isa = PBXFileReference; lastKnownFileType = sourcecode.swift; path = TodoListViewModel.swift; sourceTree = "<group>"; };
		DD291BE2296F81EB00DA6E9D /* TodoDetailView.swift */ = {isa = PBXFileReference; lastKnownFileType = sourcecode.swift; path = TodoDetailView.swift; sourceTree = "<group>"; };
		DD46A8162968FFF1008D4690 /* TodoList.app */ = {isa = PBXFileReference; explicitFileType = wrapper.application; includeInIndex = 0; path = TodoList.app; sourceTree = BUILT_PRODUCTS_DIR; };
		DD46A8192968FFF1008D4690 /* TodoListApp.swift */ = {isa = PBXFileReference; lastKnownFileType = sourcecode.swift; path = TodoListApp.swift; sourceTree = "<group>"; };
		DD46A81B2968FFF1008D4690 /* DashboardView.swift */ = {isa = PBXFileReference; lastKnownFileType = sourcecode.swift; path = DashboardView.swift; sourceTree = "<group>"; };
		DD46A81D2968FFF1008D4690 /* Assets.xcassets */ = {isa = PBXFileReference; lastKnownFileType = folder.assetcatalog; path = Assets.xcassets; sourceTree = "<group>"; };
		DD46A8202968FFF1008D4690 /* Preview Assets.xcassets */ = {isa = PBXFileReference; lastKnownFileType = folder.assetcatalog; path = "Preview Assets.xcassets"; sourceTree = "<group>"; };
		DD46A8252968FFF1008D4690 /* TodoList.xcdatamodel */ = {isa = PBXFileReference; lastKnownFileType = wrapper.xcdatamodel; path = TodoList.xcdatamodel; sourceTree = "<group>"; };
		DD46A82B2968FFF2008D4690 /* TodoListTests.xctest */ = {isa = PBXFileReference; explicitFileType = wrapper.cfbundle; includeInIndex = 0; path = TodoListTests.xctest; sourceTree = BUILT_PRODUCTS_DIR; };
		DD46A82F2968FFF2008D4690 /* TodoListTests.swift */ = {isa = PBXFileReference; lastKnownFileType = sourcecode.swift; path = TodoListTests.swift; sourceTree = "<group>"; };
		DD46A8352968FFF2008D4690 /* TodoListUITests.xctest */ = {isa = PBXFileReference; explicitFileType = wrapper.cfbundle; includeInIndex = 0; path = TodoListUITests.xctest; sourceTree = BUILT_PRODUCTS_DIR; };
		DD46A8392968FFF2008D4690 /* TodoListUITests.swift */ = {isa = PBXFileReference; lastKnownFileType = sourcecode.swift; path = TodoListUITests.swift; sourceTree = "<group>"; };
		DD46A83B2968FFF2008D4690 /* TodoListUITestsLaunchTests.swift */ = {isa = PBXFileReference; lastKnownFileType = sourcecode.swift; path = TodoListUITestsLaunchTests.swift; sourceTree = "<group>"; };
		DD46A848296900A5008D4690 /* GoogleService-Info.plist */ = {isa = PBXFileReference; fileEncoding = 4; lastKnownFileType = text.plist.xml; path = "GoogleService-Info.plist"; sourceTree = "<group>"; };
		DD56481B2978C957003E4691 /* TodoDetailViewModel.swift */ = {isa = PBXFileReference; lastKnownFileType = sourcecode.swift; path = TodoDetailViewModel.swift; sourceTree = "<group>"; };
/* End PBXFileReference section */

/* Begin PBXFrameworksBuildPhase section */
		DD46A8132968FFF1008D4690 /* Frameworks */ = {
			isa = PBXFrameworksBuildPhase;
			buildActionMask = 2147483647;
			files = (
				DD46A8542969019E008D4690 /* FirebaseFirestoreSwift in Frameworks */,
				DD46A84E2969019E008D4690 /* FirebaseDatabaseSwift in Frameworks */,
				DD46A8522969019E008D4690 /* FirebaseFirestoreCombine-Community in Frameworks */,
				DD46A8582969019E008D4690 /* FirebaseRemoteConfigSwift in Frameworks */,
				DD46A8562969019E008D4690 /* FirebaseRemoteConfig in Frameworks */,
				DD46A85A2969019E008D4690 /* FirebaseStorage in Frameworks */,
				DD46A84C2969019E008D4690 /* FirebaseDatabase in Frameworks */,
				DD46A85C2969019E008D4690 /* FirebaseStorageCombine-Community in Frameworks */,
				DD46A8502969019E008D4690 /* FirebaseFirestore in Frameworks */,
			);
			runOnlyForDeploymentPostprocessing = 0;
		};
		DD46A8282968FFF2008D4690 /* Frameworks */ = {
			isa = PBXFrameworksBuildPhase;
			buildActionMask = 2147483647;
			files = (
			);
			runOnlyForDeploymentPostprocessing = 0;
		};
		DD46A8322968FFF2008D4690 /* Frameworks */ = {
			isa = PBXFrameworksBuildPhase;
			buildActionMask = 2147483647;
			files = (
			);
			runOnlyForDeploymentPostprocessing = 0;
		};
/* End PBXFrameworksBuildPhase section */

/* Begin PBXGroup section */
		DD23EB5A2970EC3600853B8B /* Dashboard */ = {
			isa = PBXGroup;
			children = (
				DD46A81B2968FFF1008D4690 /* DashboardView.swift */,
			);
			path = Dashboard;
			sourceTree = "<group>";
		};
		DD23EB5B2970EC7E00853B8B /* TodoList */ = {
			isa = PBXGroup;
			children = (
				DD23EB5F2970ED0200853B8B /* TodoListView.swift */,
				DD23EB672970F1B600853B8B /* TodoListViewModel.swift */,
			);
			path = TodoList;
			sourceTree = "<group>";
		};
		DD23EB5C2970EC9300853B8B /* Entities */ = {
			isa = PBXGroup;
			children = (
				DD2199A8296B1765009533A7 /* TodoItem.swift */,
			);
			path = Entities;
			sourceTree = "<group>";
		};
		DD23EB5D2970EC9E00853B8B /* TodoDetail */ = {
			isa = PBXGroup;
			children = (
				DD291BE2296F81EB00DA6E9D /* TodoDetailView.swift */,
				DD56481B2978C957003E4691 /* TodoDetailViewModel.swift */,
			);
			path = TodoDetail;
			sourceTree = "<group>";
		};
		DD23EB5E2970ECB000853B8B /* Resources */ = {
			isa = PBXGroup;
			children = (
				DD46A81D2968FFF1008D4690 /* Assets.xcassets */,
				DD46A848296900A5008D4690 /* GoogleService-Info.plist */,
			);
			path = Resources;
			sourceTree = "<group>";
		};
		DD46A80D2968FFF1008D4690 = {
			isa = PBXGroup;
			children = (
				DD46A8182968FFF1008D4690 /* TodoList */,
				DD46A82E2968FFF2008D4690 /* TodoListTests */,
				DD46A8382968FFF2008D4690 /* TodoListUITests */,
				DD46A8172968FFF1008D4690 /* Products */,
			);
			sourceTree = "<group>";
		};
		DD46A8172968FFF1008D4690 /* Products */ = {
			isa = PBXGroup;
			children = (
				DD46A8162968FFF1008D4690 /* TodoList.app */,
				DD46A82B2968FFF2008D4690 /* TodoListTests.xctest */,
				DD46A8352968FFF2008D4690 /* TodoListUITests.xctest */,
			);
			name = Products;
			sourceTree = "<group>";
		};
		DD46A8182968FFF1008D4690 /* TodoList */ = {
			isa = PBXGroup;
			children = (
				DD23EB5E2970ECB000853B8B /* Resources */,
				DD23EB5D2970EC9E00853B8B /* TodoDetail */,
				DD23EB5C2970EC9300853B8B /* Entities */,
				DD23EB5B2970EC7E00853B8B /* TodoList */,
				DD23EB5A2970EC3600853B8B /* Dashboard */,
				DD46A8192968FFF1008D4690 /* TodoListApp.swift */,
				DD46A8242968FFF1008D4690 /* TodoList.xcdatamodeld */,
				DD2199AA296B1877009533A7 /* .gitignore */,
				DD46A81F2968FFF1008D4690 /* Preview Content */,
				DD23EB612970ED4B00853B8B /* NotesDatabase.swift */,
				DD23EB642970ED8300853B8B /* Constants.swift */,
			);
			path = TodoList;
			sourceTree = "<group>";
		};
		DD46A81F2968FFF1008D4690 /* Preview Content */ = {
			isa = PBXGroup;
			children = (
				DD46A8202968FFF1008D4690 /* Preview Assets.xcassets */,
			);
			path = "Preview Content";
			sourceTree = "<group>";
		};
		DD46A82E2968FFF2008D4690 /* TodoListTests */ = {
			isa = PBXGroup;
			children = (
				DD46A82F2968FFF2008D4690 /* TodoListTests.swift */,
			);
			path = TodoListTests;
			sourceTree = "<group>";
		};
		DD46A8382968FFF2008D4690 /* TodoListUITests */ = {
			isa = PBXGroup;
			children = (
				DD46A8392968FFF2008D4690 /* TodoListUITests.swift */,
				DD46A83B2968FFF2008D4690 /* TodoListUITestsLaunchTests.swift */,
			);
			path = TodoListUITests;
			sourceTree = "<group>";
		};
/* End PBXGroup section */

/* Begin PBXNativeTarget section */
		DD46A8152968FFF1008D4690 /* TodoList */ = {
			isa = PBXNativeTarget;
			buildConfigurationList = DD46A83F2968FFF2008D4690 /* Build configuration list for PBXNativeTarget "TodoList" */;
			buildPhases = (
				DD46A8122968FFF1008D4690 /* Sources */,
				DD46A8132968FFF1008D4690 /* Frameworks */,
				DD46A8142968FFF1008D4690 /* Resources */,
			);
			buildRules = (
			);
			dependencies = (
			);
			name = TodoList;
			packageProductDependencies = (
				DD46A84B2969019E008D4690 /* FirebaseDatabase */,
				DD46A84D2969019E008D4690 /* FirebaseDatabaseSwift */,
				DD46A84F2969019E008D4690 /* FirebaseFirestore */,
				DD46A8512969019E008D4690 /* FirebaseFirestoreCombine-Community */,
				DD46A8532969019E008D4690 /* FirebaseFirestoreSwift */,
				DD46A8552969019E008D4690 /* FirebaseRemoteConfig */,
				DD46A8572969019E008D4690 /* FirebaseRemoteConfigSwift */,
				DD46A8592969019E008D4690 /* FirebaseStorage */,
				DD46A85B2969019E008D4690 /* FirebaseStorageCombine-Community */,
			);
			productName = TodoList;
			productReference = DD46A8162968FFF1008D4690 /* TodoList.app */;
			productType = "com.apple.product-type.application";
		};
		DD46A82A2968FFF2008D4690 /* TodoListTests */ = {
			isa = PBXNativeTarget;
			buildConfigurationList = DD46A8422968FFF2008D4690 /* Build configuration list for PBXNativeTarget "TodoListTests" */;
			buildPhases = (
				DD46A8272968FFF2008D4690 /* Sources */,
				DD46A8282968FFF2008D4690 /* Frameworks */,
				DD46A8292968FFF2008D4690 /* Resources */,
			);
			buildRules = (
			);
			dependencies = (
				DD46A82D2968FFF2008D4690 /* PBXTargetDependency */,
			);
			name = TodoListTests;
			productName = TodoListTests;
			productReference = DD46A82B2968FFF2008D4690 /* TodoListTests.xctest */;
			productType = "com.apple.product-type.bundle.unit-test";
		};
		DD46A8342968FFF2008D4690 /* TodoListUITests */ = {
			isa = PBXNativeTarget;
			buildConfigurationList = DD46A8452968FFF2008D4690 /* Build configuration list for PBXNativeTarget "TodoListUITests" */;
			buildPhases = (
				DD46A8312968FFF2008D4690 /* Sources */,
				DD46A8322968FFF2008D4690 /* Frameworks */,
				DD46A8332968FFF2008D4690 /* Resources */,
			);
			buildRules = (
			);
			dependencies = (
				DD46A8372968FFF2008D4690 /* PBXTargetDependency */,
			);
			name = TodoListUITests;
			productName = TodoListUITests;
			productReference = DD46A8352968FFF2008D4690 /* TodoListUITests.xctest */;
			productType = "com.apple.product-type.bundle.ui-testing";
		};
/* End PBXNativeTarget section */

/* Begin PBXProject section */
		DD46A80E2968FFF1008D4690 /* Project object */ = {
			isa = PBXProject;
			attributes = {
				BuildIndependentTargetsInParallel = 1;
				LastSwiftUpdateCheck = 1420;
				LastUpgradeCheck = 1420;
				TargetAttributes = {
					DD46A8152968FFF1008D4690 = {
						CreatedOnToolsVersion = 14.2;
					};
					DD46A82A2968FFF2008D4690 = {
						CreatedOnToolsVersion = 14.2;
						TestTargetID = DD46A8152968FFF1008D4690;
					};
					DD46A8342968FFF2008D4690 = {
						CreatedOnToolsVersion = 14.2;
						TestTargetID = DD46A8152968FFF1008D4690;
					};
				};
			};
			buildConfigurationList = DD46A8112968FFF1008D4690 /* Build configuration list for PBXProject "TodoList" */;
			compatibilityVersion = "Xcode 14.0";
			developmentRegion = en;
			hasScannedForEncodings = 0;
			knownRegions = (
				en,
				Base,
			);
			mainGroup = DD46A80D2968FFF1008D4690;
			packageReferences = (
				DD46A84A2969019E008D4690 /* XCRemoteSwiftPackageReference "firebase-ios-sdk" */,
			);
			productRefGroup = DD46A8172968FFF1008D4690 /* Products */;
			projectDirPath = "";
			projectRoot = "";
			targets = (
				DD46A8152968FFF1008D4690 /* TodoList */,
				DD46A82A2968FFF2008D4690 /* TodoListTests */,
				DD46A8342968FFF2008D4690 /* TodoListUITests */,
			);
		};
/* End PBXProject section */

/* Begin PBXResourcesBuildPhase section */
		DD46A8142968FFF1008D4690 /* Resources */ = {
			isa = PBXResourcesBuildPhase;
			buildActionMask = 2147483647;
			files = (
				DD2199AB296B1877009533A7 /* .gitignore in Resources */,
				DD46A8212968FFF1008D4690 /* Preview Assets.xcassets in Resources */,
				DD46A81E2968FFF1008D4690 /* Assets.xcassets in Resources */,
				DD46A849296900A5008D4690 /* GoogleService-Info.plist in Resources */,
			);
			runOnlyForDeploymentPostprocessing = 0;
		};
		DD46A8292968FFF2008D4690 /* Resources */ = {
			isa = PBXResourcesBuildPhase;
			buildActionMask = 2147483647;
			files = (
			);
			runOnlyForDeploymentPostprocessing = 0;
		};
		DD46A8332968FFF2008D4690 /* Resources */ = {
			isa = PBXResourcesBuildPhase;
			buildActionMask = 2147483647;
			files = (
			);
			runOnlyForDeploymentPostprocessing = 0;
		};
/* End PBXResourcesBuildPhase section */

/* Begin PBXSourcesBuildPhase section */
		DD46A8122968FFF1008D4690 /* Sources */ = {
			isa = PBXSourcesBuildPhase;
			buildActionMask = 2147483647;
			files = (
				DD23EB682970F1B600853B8B /* TodoListViewModel.swift in Sources */,
				DD2199A9296B1765009533A7 /* TodoItem.swift in Sources */,
				DD23EB602970ED0200853B8B /* TodoListView.swift in Sources */,
				DD291BE3296F81EB00DA6E9D /* TodoDetailView.swift in Sources */,
				DD56481C2978C957003E4691 /* TodoDetailViewModel.swift in Sources */,
				DD23EB652970ED8300853B8B /* Constants.swift in Sources */,
				DD46A81C2968FFF1008D4690 /* DashboardView.swift in Sources */,
				DD23EB622970ED4B00853B8B /* NotesDatabase.swift in Sources */,
				DD46A81A2968FFF1008D4690 /* TodoListApp.swift in Sources */,
				DD46A8262968FFF1008D4690 /* TodoList.xcdatamodeld in Sources */,
			);
			runOnlyForDeploymentPostprocessing = 0;
		};
		DD46A8272968FFF2008D4690 /* Sources */ = {
			isa = PBXSourcesBuildPhase;
			buildActionMask = 2147483647;
			files = (
				DD46A8302968FFF2008D4690 /* TodoListTests.swift in Sources */,
			);
			runOnlyForDeploymentPostprocessing = 0;
		};
		DD46A8312968FFF2008D4690 /* Sources */ = {
			isa = PBXSourcesBuildPhase;
			buildActionMask = 2147483647;
			files = (
				DD46A83C2968FFF2008D4690 /* TodoListUITestsLaunchTests.swift in Sources */,
				DD46A83A2968FFF2008D4690 /* TodoListUITests.swift in Sources */,
			);
			runOnlyForDeploymentPostprocessing = 0;
		};
/* End PBXSourcesBuildPhase section */

/* Begin PBXTargetDependency section */
		DD46A82D2968FFF2008D4690 /* PBXTargetDependency */ = {
			isa = PBXTargetDependency;
			target = DD46A8152968FFF1008D4690 /* TodoList */;
			targetProxy = DD46A82C2968FFF2008D4690 /* PBXContainerItemProxy */;
		};
		DD46A8372968FFF2008D4690 /* PBXTargetDependency */ = {
			isa = PBXTargetDependency;
			target = DD46A8152968FFF1008D4690 /* TodoList */;
			targetProxy = DD46A8362968FFF2008D4690 /* PBXContainerItemProxy */;
		};
/* End PBXTargetDependency section */

/* Begin XCBuildConfiguration section */
		DD46A83D2968FFF2008D4690 /* Debug */ = {
			isa = XCBuildConfiguration;
			buildSettings = {
				ALWAYS_SEARCH_USER_PATHS = NO;
				CLANG_ANALYZER_NONNULL = YES;
				CLANG_ANALYZER_NUMBER_OBJECT_CONVERSION = YES_AGGRESSIVE;
				CLANG_CXX_LANGUAGE_STANDARD = "gnu++20";
				CLANG_ENABLE_MODULES = YES;
				CLANG_ENABLE_OBJC_ARC = YES;
				CLANG_ENABLE_OBJC_WEAK = YES;
				CLANG_WARN_BLOCK_CAPTURE_AUTORELEASING = YES;
				CLANG_WARN_BOOL_CONVERSION = YES;
				CLANG_WARN_COMMA = YES;
				CLANG_WARN_CONSTANT_CONVERSION = YES;
				CLANG_WARN_DEPRECATED_OBJC_IMPLEMENTATIONS = YES;
				CLANG_WARN_DIRECT_OBJC_ISA_USAGE = YES_ERROR;
				CLANG_WARN_DOCUMENTATION_COMMENTS = YES;
				CLANG_WARN_EMPTY_BODY = YES;
				CLANG_WARN_ENUM_CONVERSION = YES;
				CLANG_WARN_INFINITE_RECURSION = YES;
				CLANG_WARN_INT_CONVERSION = YES;
				CLANG_WARN_NON_LITERAL_NULL_CONVERSION = YES;
				CLANG_WARN_OBJC_IMPLICIT_RETAIN_SELF = YES;
				CLANG_WARN_OBJC_LITERAL_CONVERSION = YES;
				CLANG_WARN_OBJC_ROOT_CLASS = YES_ERROR;
				CLANG_WARN_QUOTED_INCLUDE_IN_FRAMEWORK_HEADER = YES;
				CLANG_WARN_RANGE_LOOP_ANALYSIS = YES;
				CLANG_WARN_STRICT_PROTOTYPES = YES;
				CLANG_WARN_SUSPICIOUS_MOVE = YES;
				CLANG_WARN_UNGUARDED_AVAILABILITY = YES_AGGRESSIVE;
				CLANG_WARN_UNREACHABLE_CODE = YES;
				CLANG_WARN__DUPLICATE_METHOD_MATCH = YES;
				COPY_PHASE_STRIP = NO;
				DEBUG_INFORMATION_FORMAT = dwarf;
				ENABLE_STRICT_OBJC_MSGSEND = YES;
				ENABLE_TESTABILITY = YES;
				GCC_C_LANGUAGE_STANDARD = gnu11;
				GCC_DYNAMIC_NO_PIC = NO;
				GCC_NO_COMMON_BLOCKS = YES;
				GCC_OPTIMIZATION_LEVEL = 0;
				GCC_PREPROCESSOR_DEFINITIONS = (
					"DEBUG=1",
					"$(inherited)",
				);
				GCC_WARN_64_TO_32_BIT_CONVERSION = YES;
				GCC_WARN_ABOUT_RETURN_TYPE = YES_ERROR;
				GCC_WARN_UNDECLARED_SELECTOR = YES;
				GCC_WARN_UNINITIALIZED_AUTOS = YES_AGGRESSIVE;
				GCC_WARN_UNUSED_FUNCTION = YES;
				GCC_WARN_UNUSED_VARIABLE = YES;
				IPHONEOS_DEPLOYMENT_TARGET = 16.2;
				MTL_ENABLE_DEBUG_INFO = INCLUDE_SOURCE;
				MTL_FAST_MATH = YES;
				ONLY_ACTIVE_ARCH = YES;
				SDKROOT = iphoneos;
				SWIFT_ACTIVE_COMPILATION_CONDITIONS = DEBUG;
				SWIFT_OPTIMIZATION_LEVEL = "-Onone";
			};
			name = Debug;
		};
		DD46A83E2968FFF2008D4690 /* Release */ = {
			isa = XCBuildConfiguration;
			buildSettings = {
				ALWAYS_SEARCH_USER_PATHS = NO;
				CLANG_ANALYZER_NONNULL = YES;
				CLANG_ANALYZER_NUMBER_OBJECT_CONVERSION = YES_AGGRESSIVE;
				CLANG_CXX_LANGUAGE_STANDARD = "gnu++20";
				CLANG_ENABLE_MODULES = YES;
				CLANG_ENABLE_OBJC_ARC = YES;
				CLANG_ENABLE_OBJC_WEAK = YES;
				CLANG_WARN_BLOCK_CAPTURE_AUTORELEASING = YES;
				CLANG_WARN_BOOL_CONVERSION = YES;
				CLANG_WARN_COMMA = YES;
				CLANG_WARN_CONSTANT_CONVERSION = YES;
				CLANG_WARN_DEPRECATED_OBJC_IMPLEMENTATIONS = YES;
				CLANG_WARN_DIRECT_OBJC_ISA_USAGE = YES_ERROR;
				CLANG_WARN_DOCUMENTATION_COMMENTS = YES;
				CLANG_WARN_EMPTY_BODY = YES;
				CLANG_WARN_ENUM_CONVERSION = YES;
				CLANG_WARN_INFINITE_RECURSION = YES;
				CLANG_WARN_INT_CONVERSION = YES;
				CLANG_WARN_NON_LITERAL_NULL_CONVERSION = YES;
				CLANG_WARN_OBJC_IMPLICIT_RETAIN_SELF = YES;
				CLANG_WARN_OBJC_LITERAL_CONVERSION = YES;
				CLANG_WARN_OBJC_ROOT_CLASS = YES_ERROR;
				CLANG_WARN_QUOTED_INCLUDE_IN_FRAMEWORK_HEADER = YES;
				CLANG_WARN_RANGE_LOOP_ANALYSIS = YES;
				CLANG_WARN_STRICT_PROTOTYPES = YES;
				CLANG_WARN_SUSPICIOUS_MOVE = YES;
				CLANG_WARN_UNGUARDED_AVAILABILITY = YES_AGGRESSIVE;
				CLANG_WARN_UNREACHABLE_CODE = YES;
				CLANG_WARN__DUPLICATE_METHOD_MATCH = YES;
				COPY_PHASE_STRIP = NO;
				DEBUG_INFORMATION_FORMAT = "dwarf-with-dsym";
				ENABLE_NS_ASSERTIONS = NO;
				ENABLE_STRICT_OBJC_MSGSEND = YES;
				GCC_C_LANGUAGE_STANDARD = gnu11;
				GCC_NO_COMMON_BLOCKS = YES;
				GCC_WARN_64_TO_32_BIT_CONVERSION = YES;
				GCC_WARN_ABOUT_RETURN_TYPE = YES_ERROR;
				GCC_WARN_UNDECLARED_SELECTOR = YES;
				GCC_WARN_UNINITIALIZED_AUTOS = YES_AGGRESSIVE;
				GCC_WARN_UNUSED_FUNCTION = YES;
				GCC_WARN_UNUSED_VARIABLE = YES;
				IPHONEOS_DEPLOYMENT_TARGET = 16.2;
				MTL_ENABLE_DEBUG_INFO = NO;
				MTL_FAST_MATH = YES;
				SDKROOT = iphoneos;
				SWIFT_COMPILATION_MODE = wholemodule;
				SWIFT_OPTIMIZATION_LEVEL = "-O";
				VALIDATE_PRODUCT = YES;
			};
			name = Release;
		};
		DD46A8402968FFF2008D4690 /* Debug */ = {
			isa = XCBuildConfiguration;
			buildSettings = {
				ASSETCATALOG_COMPILER_APPICON_NAME = AppIcon;
				ASSETCATALOG_COMPILER_GLOBAL_ACCENT_COLOR_NAME = AccentColor;
				CODE_SIGN_STYLE = Automatic;
				CURRENT_PROJECT_VERSION = 1;
				DEVELOPMENT_ASSET_PATHS = "\"TodoList/Preview Content\"";
				DEVELOPMENT_TEAM = K8CQ9C2992;
				ENABLE_PREVIEWS = YES;
				GENERATE_INFOPLIST_FILE = YES;
				INFOPLIST_KEY_UIApplicationSceneManifest_Generation = YES;
				INFOPLIST_KEY_UIApplicationSupportsIndirectInputEvents = YES;
				INFOPLIST_KEY_UILaunchScreen_Generation = YES;
				INFOPLIST_KEY_UISupportedInterfaceOrientations_iPad = "UIInterfaceOrientationPortrait UIInterfaceOrientationPortraitUpsideDown UIInterfaceOrientationLandscapeLeft UIInterfaceOrientationLandscapeRight";
				INFOPLIST_KEY_UISupportedInterfaceOrientations_iPhone = "UIInterfaceOrientationPortrait UIInterfaceOrientationLandscapeLeft UIInterfaceOrientationLandscapeRight";
				IPHONEOS_DEPLOYMENT_TARGET = 16.0;
				LD_RUNPATH_SEARCH_PATHS = (
					"$(inherited)",
					"@executable_path/Frameworks",
				);
				MARKETING_VERSION = 1.0;
				PRODUCT_BUNDLE_IDENTIFIER = com.yeser.TodoList;
				PRODUCT_NAME = "$(TARGET_NAME)";
				SWIFT_EMIT_LOC_STRINGS = YES;
				SWIFT_VERSION = 5.0;
				TARGETED_DEVICE_FAMILY = "1,2";
			};
			name = Debug;
		};
		DD46A8412968FFF2008D4690 /* Release */ = {
			isa = XCBuildConfiguration;
			buildSettings = {
				ASSETCATALOG_COMPILER_APPICON_NAME = AppIcon;
				ASSETCATALOG_COMPILER_GLOBAL_ACCENT_COLOR_NAME = AccentColor;
				CODE_SIGN_STYLE = Automatic;
				CURRENT_PROJECT_VERSION = 1;
				DEVELOPMENT_ASSET_PATHS = "\"TodoList/Preview Content\"";
				DEVELOPMENT_TEAM = K8CQ9C2992;
				ENABLE_PREVIEWS = YES;
				GENERATE_INFOPLIST_FILE = YES;
				INFOPLIST_KEY_UIApplicationSceneManifest_Generation = YES;
				INFOPLIST_KEY_UIApplicationSupportsIndirectInputEvents = YES;
				INFOPLIST_KEY_UILaunchScreen_Generation = YES;
				INFOPLIST_KEY_UISupportedInterfaceOrientations_iPad = "UIInterfaceOrientationPortrait UIInterfaceOrientationPortraitUpsideDown UIInterfaceOrientationLandscapeLeft UIInterfaceOrientationLandscapeRight";
				INFOPLIST_KEY_UISupportedInterfaceOrientations_iPhone = "UIInterfaceOrientationPortrait UIInterfaceOrientationLandscapeLeft UIInterfaceOrientationLandscapeRight";
				IPHONEOS_DEPLOYMENT_TARGET = 16.0;
				LD_RUNPATH_SEARCH_PATHS = (
					"$(inherited)",
					"@executable_path/Frameworks",
				);
				MARKETING_VERSION = 1.0;
				PRODUCT_BUNDLE_IDENTIFIER = com.yeser.TodoList;
				PRODUCT_NAME = "$(TARGET_NAME)";
				SWIFT_EMIT_LOC_STRINGS = YES;
				SWIFT_VERSION = 5.0;
				TARGETED_DEVICE_FAMILY = "1,2";
			};
			name = Release;
		};
		DD46A8432968FFF2008D4690 /* Debug */ = {
			isa = XCBuildConfiguration;
			buildSettings = {
				ALWAYS_EMBED_SWIFT_STANDARD_LIBRARIES = YES;
				BUNDLE_LOADER = "$(TEST_HOST)";
				CODE_SIGN_STYLE = Automatic;
				CURRENT_PROJECT_VERSION = 1;
				DEVELOPMENT_TEAM = K8CQ9C2992;
				GENERATE_INFOPLIST_FILE = YES;
				IPHONEOS_DEPLOYMENT_TARGET = 16.2;
				MARKETING_VERSION = 1.0;
				PRODUCT_BUNDLE_IDENTIFIER = com.yeser.TodoListTests;
				PRODUCT_NAME = "$(TARGET_NAME)";
				SWIFT_EMIT_LOC_STRINGS = NO;
				SWIFT_VERSION = 5.0;
				TARGETED_DEVICE_FAMILY = "1,2";
				TEST_HOST = "$(BUILT_PRODUCTS_DIR)/TodoList.app/$(BUNDLE_EXECUTABLE_FOLDER_PATH)/TodoList";
			};
			name = Debug;
		};
		DD46A8442968FFF2008D4690 /* Release */ = {
			isa = XCBuildConfiguration;
			buildSettings = {
				ALWAYS_EMBED_SWIFT_STANDARD_LIBRARIES = YES;
				BUNDLE_LOADER = "$(TEST_HOST)";
				CODE_SIGN_STYLE = Automatic;
				CURRENT_PROJECT_VERSION = 1;
				DEVELOPMENT_TEAM = K8CQ9C2992;
				GENERATE_INFOPLIST_FILE = YES;
				IPHONEOS_DEPLOYMENT_TARGET = 16.2;
				MARKETING_VERSION = 1.0;
				PRODUCT_BUNDLE_IDENTIFIER = com.yeser.TodoListTests;
				PRODUCT_NAME = "$(TARGET_NAME)";
				SWIFT_EMIT_LOC_STRINGS = NO;
				SWIFT_VERSION = 5.0;
				TARGETED_DEVICE_FAMILY = "1,2";
				TEST_HOST = "$(BUILT_PRODUCTS_DIR)/TodoList.app/$(BUNDLE_EXECUTABLE_FOLDER_PATH)/TodoList";
			};
			name = Release;
		};
		DD46A8462968FFF2008D4690 /* Debug */ = {
			isa = XCBuildConfiguration;
			buildSettings = {
				ALWAYS_EMBED_SWIFT_STANDARD_LIBRARIES = YES;
				CODE_SIGN_STYLE = Automatic;
				CURRENT_PROJECT_VERSION = 1;
				DEVELOPMENT_TEAM = K8CQ9C2992;
				GENERATE_INFOPLIST_FILE = YES;
				MARKETING_VERSION = 1.0;
				PRODUCT_BUNDLE_IDENTIFIER = com.yeser.TodoListUITests;
				PRODUCT_NAME = "$(TARGET_NAME)";
				SWIFT_EMIT_LOC_STRINGS = NO;
				SWIFT_VERSION = 5.0;
				TARGETED_DEVICE_FAMILY = "1,2";
				TEST_TARGET_NAME = TodoList;
			};
			name = Debug;
		};
		DD46A8472968FFF2008D4690 /* Release */ = {
			isa = XCBuildConfiguration;
			buildSettings = {
				ALWAYS_EMBED_SWIFT_STANDARD_LIBRARIES = YES;
				CODE_SIGN_STYLE = Automatic;
				CURRENT_PROJECT_VERSION = 1;
				DEVELOPMENT_TEAM = K8CQ9C2992;
				GENERATE_INFOPLIST_FILE = YES;
				MARKETING_VERSION = 1.0;
				PRODUCT_BUNDLE_IDENTIFIER = com.yeser.TodoListUITests;
				PRODUCT_NAME = "$(TARGET_NAME)";
				SWIFT_EMIT_LOC_STRINGS = NO;
				SWIFT_VERSION = 5.0;
				TARGETED_DEVICE_FAMILY = "1,2";
				TEST_TARGET_NAME = TodoList;
			};
			name = Release;
		};
/* End XCBuildConfiguration section */

/* Begin XCConfigurationList section */
		DD46A8112968FFF1008D4690 /* Build configuration list for PBXProject "TodoList" */ = {
			isa = XCConfigurationList;
			buildConfigurations = (
				DD46A83D2968FFF2008D4690 /* Debug */,
				DD46A83E2968FFF2008D4690 /* Release */,
			);
			defaultConfigurationIsVisible = 0;
			defaultConfigurationName = Release;
		};
		DD46A83F2968FFF2008D4690 /* Build configuration list for PBXNativeTarget "TodoList" */ = {
			isa = XCConfigurationList;
			buildConfigurations = (
				DD46A8402968FFF2008D4690 /* Debug */,
				DD46A8412968FFF2008D4690 /* Release */,
			);
			defaultConfigurationIsVisible = 0;
			defaultConfigurationName = Release;
		};
		DD46A8422968FFF2008D4690 /* Build configuration list for PBXNativeTarget "TodoListTests" */ = {
			isa = XCConfigurationList;
			buildConfigurations = (
				DD46A8432968FFF2008D4690 /* Debug */,
				DD46A8442968FFF2008D4690 /* Release */,
			);
			defaultConfigurationIsVisible = 0;
			defaultConfigurationName = Release;
		};
		DD46A8452968FFF2008D4690 /* Build configuration list for PBXNativeTarget "TodoListUITests" */ = {
			isa = XCConfigurationList;
			buildConfigurations = (
				DD46A8462968FFF2008D4690 /* Debug */,
				DD46A8472968FFF2008D4690 /* Release */,
			);
			defaultConfigurationIsVisible = 0;
			defaultConfigurationName = Release;
		};
/* End XCConfigurationList section */

/* Begin XCRemoteSwiftPackageReference section */
		DD46A84A2969019E008D4690 /* XCRemoteSwiftPackageReference "firebase-ios-sdk" */ = {
			isa = XCRemoteSwiftPackageReference;
			repositoryURL = "https://github.com/firebase/firebase-ios-sdk";
			requirement = {
				kind = upToNextMajorVersion;
				minimumVersion = 9.0.0;
			};
		};
/* End XCRemoteSwiftPackageReference section */

/* Begin XCSwiftPackageProductDependency section */
		DD46A84B2969019E008D4690 /* FirebaseDatabase */ = {
			isa = XCSwiftPackageProductDependency;
			package = DD46A84A2969019E008D4690 /* XCRemoteSwiftPackageReference "firebase-ios-sdk" */;
			productName = FirebaseDatabase;
		};
		DD46A84D2969019E008D4690 /* FirebaseDatabaseSwift */ = {
			isa = XCSwiftPackageProductDependency;
			package = DD46A84A2969019E008D4690 /* XCRemoteSwiftPackageReference "firebase-ios-sdk" */;
			productName = FirebaseDatabaseSwift;
		};
		DD46A84F2969019E008D4690 /* FirebaseFirestore */ = {
			isa = XCSwiftPackageProductDependency;
			package = DD46A84A2969019E008D4690 /* XCRemoteSwiftPackageReference "firebase-ios-sdk" */;
			productName = FirebaseFirestore;
		};
		DD46A8512969019E008D4690 /* FirebaseFirestoreCombine-Community */ = {
			isa = XCSwiftPackageProductDependency;
			package = DD46A84A2969019E008D4690 /* XCRemoteSwiftPackageReference "firebase-ios-sdk" */;
			productName = "FirebaseFirestoreCombine-Community";
		};
		DD46A8532969019E008D4690 /* FirebaseFirestoreSwift */ = {
			isa = XCSwiftPackageProductDependency;
			package = DD46A84A2969019E008D4690 /* XCRemoteSwiftPackageReference "firebase-ios-sdk" */;
			productName = FirebaseFirestoreSwift;
		};
		DD46A8552969019E008D4690 /* FirebaseRemoteConfig */ = {
			isa = XCSwiftPackageProductDependency;
			package = DD46A84A2969019E008D4690 /* XCRemoteSwiftPackageReference "firebase-ios-sdk" */;
			productName = FirebaseRemoteConfig;
		};
		DD46A8572969019E008D4690 /* FirebaseRemoteConfigSwift */ = {
			isa = XCSwiftPackageProductDependency;
			package = DD46A84A2969019E008D4690 /* XCRemoteSwiftPackageReference "firebase-ios-sdk" */;
			productName = FirebaseRemoteConfigSwift;
		};
		DD46A8592969019E008D4690 /* FirebaseStorage */ = {
			isa = XCSwiftPackageProductDependency;
			package = DD46A84A2969019E008D4690 /* XCRemoteSwiftPackageReference "firebase-ios-sdk" */;
			productName = FirebaseStorage;
		};
		DD46A85B2969019E008D4690 /* FirebaseStorageCombine-Community */ = {
			isa = XCSwiftPackageProductDependency;
			package = DD46A84A2969019E008D4690 /* XCRemoteSwiftPackageReference "firebase-ios-sdk" */;
			productName = "FirebaseStorageCombine-Community";
		};
/* End XCSwiftPackageProductDependency section */

/* Begin XCVersionGroup section */
		DD46A8242968FFF1008D4690 /* TodoList.xcdatamodeld */ = {
			isa = XCVersionGroup;
			children = (
				DD46A8252968FFF1008D4690 /* TodoList.xcdatamodel */,
			);
			currentVersion = DD46A8252968FFF1008D4690 /* TodoList.xcdatamodel */;
			path = TodoList.xcdatamodeld;
			sourceTree = "<group>";
			versionGroupType = wrapper.xcdatamodel;
		};
/* End XCVersionGroup section */
	};
	rootObject = DD46A80E2968FFF1008D4690 /* Project object */;
}
